
Microsoft Visual Studio Solution File, Format Version 12.00
# Visual Studio 15
VisualStudioVersion = 15.0.28307.438
MinimumVisualStudioVersion = 10.0.40219.1
Project("{FAE04EC0-301F-11D3-BF4B-00C04F79EFBC}") = "monitor_sip", "monitor_sip\monitor_sip.csproj", "{1D0BD2E9-76EB-4B54-BDCF-994EBDFB347D}"
EndProject
Global
	GlobalSection(SolutionConfigurationPlatforms) = preSolution
		Debug|Any CPU = Debug|Any CPU
		Release|Any CPU = Release|Any CPU
	EndGlobalSection
	GlobalSection(ProjectConfigurationPlatforms) = postSolution
		{1D0BD2E9-76EB-4B54-BDCF-994EBDFB347D}.Debug|Any CPU.ActiveCfg = Debug|Any CPU
		{1D0BD2E9-76EB-4B54-BDCF-994EBDFB347D}.Debug|Any CPU.Build.0 = Debug|Any CPU
		{1D0BD2E9-76EB-4B54-BDCF-994EBDFB347D}.Release|Any CPU.ActiveCfg = Release|Any CPU
		{1D0BD2E9-76EB-4B54-BDCF-994EBDFB347D}.Release|Any CPU.Build.0 = Release|Any CPU
	EndGlobalSection
	GlobalSection(SolutionProperties) = preSolution
		HideSolutionNode = FALSE
	EndGlobalSection
	GlobalSection(ExtensibilityGlobals) = postSolution
		SolutionGuid = {2D4C83EA-8796-4A67-9392-A13C8AD70F2A}
	EndGlobalSection
EndGlobal
